// !$*UTF8*$!
{
	archiveVersion = 1;
	classes = {
	};
	objectVersion = 46;
	objects = {

/* Begin PBXBuildFile section */
		EDEC83F51D6ACB730043DD20 /* AcrolinxPlugin.framework in Frameworks */ = {isa = PBXBuildFile; fileRef = EDEC83F41D6ACB730043DD20 /* AcrolinxPlugin.framework */; };
		EDEC83FE1D6AD1370043DD20 /* AcrolinxPluginTextEdit.m in Sources */ = {isa = PBXBuildFile; fileRef = EDEC83FD1D6AD1370043DD20 /* AcrolinxPluginTextEdit.m */; };
/* End PBXBuildFile section */

/* Begin PBXFileReference section */
		EDEC83EA1D6ACAF60043DD20 /* AcrolinxPluginTextEdit.acpl */ = {isa = PBXFileReference; explicitFileType = wrapper.cfbundle; includeInIndex = 0; path = AcrolinxPluginTextEdit.acpl; sourceTree = BUILT_PRODUCTS_DIR; };
		EDEC83EE1D6ACAF60043DD20 /* Info.plist */ = {isa = PBXFileReference; lastKnownFileType = text.plist.xml; path = Info.plist; sourceTree = "<group>"; };
		EDEC83F41D6ACB730043DD20 /* AcrolinxPlugin.framework */ = {isa = PBXFileReference; lastKnownFileType = wrapper.framework; name = AcrolinxPlugin.framework; path = ../../AcrolinxPluginSDKForMac/AcrolinxPlugin.framework; sourceTree = "<group>"; };
		EDEC83FC1D6AD1370043DD20 /* AcrolinxPluginTextEdit.h */ = {isa = PBXFileReference; fileEncoding = 4; lastKnownFileType = sourcecode.c.h; path = AcrolinxPluginTextEdit.h; sourceTree = "<group>"; };
		EDEC83FD1D6AD1370043DD20 /* AcrolinxPluginTextEdit.m */ = {isa = PBXFileReference; fileEncoding = 4; lastKnownFileType = sourcecode.c.objc; path = AcrolinxPluginTextEdit.m; sourceTree = "<group>"; };
		EDEC84321D6CCA4D0043DD20 /* TextEdit.h */ = {isa = PBXFileReference; lastKnownFileType = sourcecode.c.h; path = TextEdit.h; sourceTree = "<group>"; };
/* End PBXFileReference section */

/* Begin PBXFrameworksBuildPhase section */
		EDEC83E71D6ACAF60043DD20 /* Frameworks */ = {
			isa = PBXFrameworksBuildPhase;
			buildActionMask = 2147483647;
			files = (
				EDEC83F51D6ACB730043DD20 /* AcrolinxPlugin.framework in Frameworks */,
			);
			runOnlyForDeploymentPostprocessing = 0;
		};
/* End PBXFrameworksBuildPhase section */

/* Begin PBXGroup section */
		EDEC83E11D6ACAF60043DD20 = {
			isa = PBXGroup;
			children = (
				EDEC83F41D6ACB730043DD20 /* AcrolinxPlugin.framework */,
				EDEC83EC1D6ACAF60043DD20 /* AcrolinxPluginTextEdit */,
				EDEC83EB1D6ACAF60043DD20 /* Products */,
			);
			sourceTree = "<group>";
		};
		EDEC83EB1D6ACAF60043DD20 /* Products */ = {
			isa = PBXGroup;
			children = (
				EDEC83EA1D6ACAF60043DD20 /* AcrolinxPluginTextEdit.acpl */,
			);
			name = Products;
			sourceTree = "<group>";
		};
		EDEC83EC1D6ACAF60043DD20 /* AcrolinxPluginTextEdit */ = {
			isa = PBXGroup;
			children = (
				EDEC83FC1D6AD1370043DD20 /* AcrolinxPluginTextEdit.h */,
				EDEC83FD1D6AD1370043DD20 /* AcrolinxPluginTextEdit.m */,
				EDEC83ED1D6ACAF60043DD20 /* Supporting Files */,
			);
			path = AcrolinxPluginTextEdit;
			sourceTree = "<group>";
		};
		EDEC83ED1D6ACAF60043DD20 /* Supporting Files */ = {
			isa = PBXGroup;
			children = (
				EDEC84321D6CCA4D0043DD20 /* TextEdit.h */,
				EDEC83EE1D6ACAF60043DD20 /* Info.plist */,
			);
			name = "Supporting Files";
			sourceTree = "<group>";
		};
/* End PBXGroup section */

/* Begin PBXNativeTarget section */
		EDEC83E91D6ACAF60043DD20 /* AcrolinxPluginTextEdit */ = {
			isa = PBXNativeTarget;
			buildConfigurationList = EDEC83F11D6ACAF60043DD20 /* Build configuration list for PBXNativeTarget "AcrolinxPluginTextEdit" */;
			buildPhases = (
				EDEC83E61D6ACAF60043DD20 /* Sources */,
				EDEC83E71D6ACAF60043DD20 /* Frameworks */,
				EDEC83E81D6ACAF60043DD20 /* Resources */,
			);
			buildRules = (
			);
			dependencies = (
			);
			name = AcrolinxPluginTextEdit;
			productName = AcrolinxPluginTextEdit;
			productReference = EDEC83EA1D6ACAF60043DD20 /* AcrolinxPluginTextEdit.acpl */;
			productType = "com.apple.product-type.bundle";
		};
/* End PBXNativeTarget section */

/* Begin PBXProject section */
		EDEC83E21D6ACAF60043DD20 /* Project object */ = {
			isa = PBXProject;
			attributes = {
				LastUpgradeCheck = 0610;
				ORGANIZATIONNAME = "Acrolinx GmbH";
				TargetAttributes = {
					EDEC83E91D6ACAF60043DD20 = {
						CreatedOnToolsVersion = 6.1.1;
					};
				};
			};
			buildConfigurationList = EDEC83E51D6ACAF60043DD20 /* Build configuration list for PBXProject "AcrolinxPluginTextEdit" */;
			compatibilityVersion = "Xcode 3.2";
			developmentRegion = English;
			hasScannedForEncodings = 0;
			knownRegions = (
				en,
			);
			mainGroup = EDEC83E11D6ACAF60043DD20;
			productRefGroup = EDEC83EB1D6ACAF60043DD20 /* Products */;
			projectDirPath = "";
			projectRoot = "";
			targets = (
				EDEC83E91D6ACAF60043DD20 /* AcrolinxPluginTextEdit */,
			);
		};
/* End PBXProject section */

/* Begin PBXResourcesBuildPhase section */
		EDEC83E81D6ACAF60043DD20 /* Resources */ = {
			isa = PBXResourcesBuildPhase;
			buildActionMask = 2147483647;
			files = (
			);
			runOnlyForDeploymentPostprocessing = 0;
		};
/* End PBXResourcesBuildPhase section */

/* Begin PBXSourcesBuildPhase section */
		EDEC83E61D6ACAF60043DD20 /* Sources */ = {
			isa = PBXSourcesBuildPhase;
			buildActionMask = 2147483647;
			files = (
				EDEC83FE1D6AD1370043DD20 /* AcrolinxPluginTextEdit.m in Sources */,
			);
			runOnlyForDeploymentPostprocessing = 0;
		};
/* End PBXSourcesBuildPhase section */

/* Begin XCBuildConfiguration section */
		EDEC83EF1D6ACAF60043DD20 /* Debug */ = {
			isa = XCBuildConfiguration;
			buildSettings = {
				ALWAYS_SEARCH_USER_PATHS = NO;
				CLANG_CXX_LANGUAGE_STANDARD = "gnu++0x";
				CLANG_CXX_LIBRARY = "libc++";
				CLANG_ENABLE_MODULES = YES;
				CLANG_ENABLE_OBJC_ARC = YES;
				CLANG_WARN_BOOL_CONVERSION = YES;
				CLANG_WARN_CONSTANT_CONVERSION = YES;
				CLANG_WARN_DIRECT_OBJC_ISA_USAGE = YES_ERROR;
				CLANG_WARN_EMPTY_BODY = YES;
				CLANG_WARN_ENUM_CONVERSION = YES;
				CLANG_WARN_INT_CONVERSION = YES;
				CLANG_WARN_OBJC_ROOT_CLASS = YES_ERROR;
				CLANG_WARN_UNREACHABLE_CODE = YES;
				CLANG_WARN__DUPLICATE_METHOD_MATCH = YES;
				COPY_PHASE_STRIP = NO;
				ENABLE_STRICT_OBJC_MSGSEND = YES;
				GCC_C_LANGUAGE_STANDARD = gnu99;
				GCC_DYNAMIC_NO_PIC = NO;
				GCC_OPTIMIZATION_LEVEL = 0;
				GCC_PREPROCESSOR_DEFINITIONS = (
					"DEBUG=1",
					"$(inherited)",
				);
				GCC_SYMBOLS_PRIVATE_EXTERN = NO;
				GCC_WARN_64_TO_32_BIT_CONVERSION = YES;
				GCC_WARN_ABOUT_RETURN_TYPE = YES_ERROR;
				GCC_WARN_UNDECLARED_SELECTOR = YES;
				GCC_WARN_UNINITIALIZED_AUTOS = YES_AGGRESSIVE;
				GCC_WARN_UNUSED_FUNCTION = YES;
				GCC_WARN_UNUSED_VARIABLE = YES;
				MACOSX_DEPLOYMENT_TARGET = 10.10;
				MTL_ENABLE_DEBUG_INFO = YES;
				ONLY_ACTIVE_ARCH = YES;
				SDKROOT = macosx;
			};
			name = Debug;
		};
		EDEC83F01D6ACAF60043DD20 /* Release */ = {
			isa = XCBuildConfiguration;
			buildSettings = {
				ALWAYS_SEARCH_USER_PATHS = NO;
				CLANG_CXX_LANGUAGE_STANDARD = "gnu++0x";
				CLANG_CXX_LIBRARY = "libc++";
				CLANG_ENABLE_MODULES = YES;
				CLANG_ENABLE_OBJC_ARC = YES;
				CLANG_WARN_BOOL_CONVERSION = YES;
				CLANG_WARN_CONSTANT_CONVERSION = YES;
				CLANG_WARN_DIRECT_OBJC_ISA_USAGE = YES_ERROR;
				CLANG_WARN_EMPTY_BODY = YES;
				CLANG_WARN_ENUM_CONVERSION = YES;
				CLANG_WARN_INT_CONVERSION = YES;
				CLANG_WARN_OBJC_ROOT_CLASS = YES_ERROR;
				CLANG_WARN_UNREACHABLE_CODE = YES;
				CLANG_WARN__DUPLICATE_METHOD_MATCH = YES;
				COPY_PHASE_STRIP = YES;
				DEBUG_INFORMATION_FORMAT = "dwarf-with-dsym";
				ENABLE_NS_ASSERTIONS = NO;
				ENABLE_STRICT_OBJC_MSGSEND = YES;
				GCC_C_LANGUAGE_STANDARD = gnu99;
				GCC_WARN_64_TO_32_BIT_CONVERSION = YES;
				GCC_WARN_ABOUT_RETURN_TYPE = YES_ERROR;
				GCC_WARN_UNDECLARED_SELECTOR = YES;
				GCC_WARN_UNINITIALIZED_AUTOS = YES_AGGRESSIVE;
				GCC_WARN_UNUSED_FUNCTION = YES;
				GCC_WARN_UNUSED_VARIABLE = YES;
				MACOSX_DEPLOYMENT_TARGET = 10.10;
				MTL_ENABLE_DEBUG_INFO = NO;
				SDKROOT = macosx;
			};
			name = Release;
		};
		EDEC83F21D6ACAF60043DD20 /* Debug */ = {
			isa = XCBuildConfiguration;
			buildSettings = {
				COMBINE_HIDPI_IMAGES = YES;
				CONFIGURATION_BUILD_DIR = "~/Library/Application Support/PluginIns";
				FRAMEWORK_SEARCH_PATHS = (
					"$(inherited)",
					../../AcrolinxPluginSDKForMac,
				);
				INFOPLIST_FILE = AcrolinxPluginTextEdit/Info.plist;
				INSTALL_PATH = "$(LOCAL_LIBRARY_DIR)/Bundles";
				PRODUCT_NAME = "$(TARGET_NAME)";
				SKIP_INSTALL = YES;
				SYMROOT = "$(inherited)";
				WRAPPER_EXTENSION = acpl;
			};
			name = Debug;
		};
		EDEC83F31D6ACAF60043DD20 /* Release */ = {
			isa = XCBuildConfiguration;
			buildSettings = {
				COMBINE_HIDPI_IMAGES = YES;
				FRAMEWORK_SEARCH_PATHS = (
					"$(inherited)",
					../../AcrolinxPluginSDKForMac,
				);
				INFOPLIST_FILE = AcrolinxPluginTextEdit/Info.plist;
				INSTALL_PATH = "$(LOCAL_LIBRARY_DIR)/Bundles";
				PRODUCT_NAME = "$(TARGET_NAME)";
				SKIP_INSTALL = YES;
				SYMROOT = "$(inherited)";
				WRAPPER_EXTENSION = acpl;
			};
			name = Release;
		};
/* End XCBuildConfiguration section */

/* Begin XCConfigurationList section */
		EDEC83E51D6ACAF60043DD20 /* Build configuration list for PBXProject "AcrolinxPluginTextEdit" */ = {
			isa = XCConfigurationList;
			buildConfigurations = (
				EDEC83EF1D6ACAF60043DD20 /* Debug */,
				EDEC83F01D6ACAF60043DD20 /* Release */,
			);
			defaultConfigurationIsVisible = 0;
			defaultConfigurationName = Release;
		};
		EDEC83F11D6ACAF60043DD20 /* Build configuration list for PBXNativeTarget "AcrolinxPluginTextEdit" */ = {
			isa = XCConfigurationList;
			buildConfigurations = (
				EDEC83F21D6ACAF60043DD20 /* Debug */,
				EDEC83F31D6ACAF60043DD20 /* Release */,
			);
			defaultConfigurationIsVisible = 0;
			defaultConfigurationName = Release;
		};
/* End XCConfigurationList section */
	};
	rootObject = EDEC83E21D6ACAF60043DD20 /* Project object */;
}
